
Microsoft Visual Studio Solution File, Format Version 12.00
# Visual Studio Version 18
VisualStudioVersion = 18.0.11205.157 d18.0
MinimumVisualStudioVersion = 10.0.40219.1
Project("{FAE04EC0-301F-11D3-BF4B-00C04F79EFBC}") = "Parmigiano", "Parmigiano.csproj", "{4484AF3D-DC0D-406F-80FF-BD651043A272}"
EndProject
Project("{FAE04EC0-301F-11D3-BF4B-00C04F79EFBC}") = "ParmigianoBroker", "..\ParmigianoChatBroker\ParmigianoBroker.csproj", "{B8FEE71F-329F-4E0E-9F7F-A62C36753426}"
EndProject
Global
	GlobalSection(SolutionConfigurationPlatforms) = preSolution
		Debug|Any CPU = Debug|Any CPU
		Release|Any CPU = Release|Any CPU
	EndGlobalSection
	GlobalSection(ProjectConfigurationPlatforms) = postSolution
		{4484AF3D-DC0D-406F-80FF-BD651043A272}.Debug|Any CPU.ActiveCfg = Debug|Any CPU
		{4484AF3D-DC0D-406F-80FF-BD651043A272}.Debug|Any CPU.Build.0 = Debug|Any CPU
		{4484AF3D-DC0D-406F-80FF-BD651043A272}.Release|Any CPU.ActiveCfg = Release|Any CPU
		{4484AF3D-DC0D-406F-80FF-BD651043A272}.Release|Any CPU.Build.0 = Release|Any CPU
		{B8FEE71F-329F-4E0E-9F7F-A62C36753426}.Debug|Any CPU.ActiveCfg = Debug|Any CPU
		{B8FEE71F-329F-4E0E-9F7F-A62C36753426}.Debug|Any CPU.Build.0 = Debug|Any CPU
		{B8FEE71F-329F-4E0E-9F7F-A62C36753426}.Release|Any CPU.ActiveCfg = Release|Any CPU
		{B8FEE71F-329F-4E0E-9F7F-A62C36753426}.Release|Any CPU.Build.0 = Release|Any CPU
	EndGlobalSection
	GlobalSection(SolutionProperties) = preSolution
		HideSolutionNode = FALSE
	EndGlobalSection
	GlobalSection(ExtensibilityGlobals) = postSolution
		SolutionGuid = {95BE1139-9BBD-409A-815D-6C592743471E}
	EndGlobalSection
EndGlobal
